Microsoft Visual Studio Solution File, Format Version 11.00
# Visual Studio 2008

Project("{6BD6DCB6-CE46-1CA8-B880-62B60B109C07}") = "Zombie-Waves", "Assembly-CSharp.csproj", "{2F3E8122-3ADA-B97F-6CC3-2EC4719E3322}"
EndProject
Global
	GlobalSection(SolutionConfigurationPlatforms) = preSolution
		Debug|Any CPU = Debug|Any CPU
		Release|Any CPU = Release|Any CPU
	EndGlobalSection
	GlobalSection(ProjectConfigurationPlatforms) = postSolution
		{2F3E8122-3ADA-B97F-6CC3-2EC4719E3322}.Debug|Any CPU.ActiveCfg = Debug|Any CPU
		{2F3E8122-3ADA-B97F-6CC3-2EC4719E3322}.Debug|Any CPU.Build.0 = Debug|Any CPU
		{2F3E8122-3ADA-B97F-6CC3-2EC4719E3322}.Release|Any CPU.ActiveCfg = Release|Any CPU
		{2F3E8122-3ADA-B97F-6CC3-2EC4719E3322}.Release|Any CPU.Build.0 = Release|Any CPU
	EndGlobalSection
	GlobalSection(SolutionProperties) = preSolution
		HideSolutionNode = FALSE
	EndGlobalSection
	GlobalSection(MonoDevelopProperties) = preSolution
		StartupItem = Assembly-CSharp.csproj
	EndGlobalSection
EndGlobal
